// !$*UTF8*$!
{
	archiveVersion = 1;
	classes = {
	};
	objectVersion = 48;
	objects = {

/* Begin PBXBuildFile section */
		1206BD662015A4A60042F217 /* AppDelegate.swift in Sources */ = {isa = PBXBuildFile; fileRef = 1206BD652015A4A60042F217 /* AppDelegate.swift */; };
		1206BD682015A4A60042F217 /* ViewController.swift in Sources */ = {isa = PBXBuildFile; fileRef = 1206BD672015A4A60042F217 /* ViewController.swift */; };
		1206BD6B2015A4A60042F217 /* Main.storyboard in Resources */ = {isa = PBXBuildFile; fileRef = 1206BD692015A4A60042F217 /* Main.storyboard */; };
		1206BD6D2015A4A60042F217 /* Assets.xcassets in Resources */ = {isa = PBXBuildFile; fileRef = 1206BD6C2015A4A60042F217 /* Assets.xcassets */; };
		1206BD702015A4A60042F217 /* LaunchScreen.storyboard in Resources */ = {isa = PBXBuildFile; fileRef = 1206BD6E2015A4A60042F217 /* LaunchScreen.storyboard */; };
		1206BD7B2015A4A60042F217 /* HRTests.swift in Sources */ = {isa = PBXBuildFile; fileRef = 1206BD7A2015A4A60042F217 /* HRTests.swift */; };
		1206BD862015A4A60042F217 /* HRUITests.swift in Sources */ = {isa = PBXBuildFile; fileRef = 1206BD852015A4A60042F217 /* HRUITests.swift */; };
		1206BD942015A5E90042F217 /* LineUpTableViewController.swift in Sources */ = {isa = PBXBuildFile; fileRef = 1206BD932015A5E90042F217 /* LineUpTableViewController.swift */; };
		1206BD962015AA7A0042F217 /* HRModel.swift in Sources */ = {isa = PBXBuildFile; fileRef = 1206BD952015AA7A0042F217 /* HRModel.swift */; };
		AEF2E11B2015D18600A9A5ED /* DetailViewController.swift in Sources */ = {isa = PBXBuildFile; fileRef = AEF2E11A2015D18600A9A5ED /* DetailViewController.swift */; };
/* End PBXBuildFile section */

/* Begin PBXContainerItemProxy section */
		1206BD772015A4A60042F217 /* PBXContainerItemProxy */ = {
			isa = PBXContainerItemProxy;
			containerPortal = 1206BD5A2015A4A60042F217 /* Project object */;
			proxyType = 1;
			remoteGlobalIDString = 1206BD612015A4A60042F217;
			remoteInfo = HR;
		};
		1206BD822015A4A60042F217 /* PBXContainerItemProxy */ = {
			isa = PBXContainerItemProxy;
			containerPortal = 1206BD5A2015A4A60042F217 /* Project object */;
			proxyType = 1;
			remoteGlobalIDString = 1206BD612015A4A60042F217;
			remoteInfo = HR;
		};
/* End PBXContainerItemProxy section */

/* Begin PBXFileReference section */
		1206BD622015A4A60042F217 /* HR.app */ = {isa = PBXFileReference; explicitFileType = wrapper.application; includeInIndex = 0; path = HR.app; sourceTree = BUILT_PRODUCTS_DIR; };
		1206BD652015A4A60042F217 /* AppDelegate.swift */ = {isa = PBXFileReference; lastKnownFileType = sourcecode.swift; path = AppDelegate.swift; sourceTree = "<group>"; };
		1206BD672015A4A60042F217 /* ViewController.swift */ = {isa = PBXFileReference; lastKnownFileType = sourcecode.swift; path = ViewController.swift; sourceTree = "<group>"; };
		1206BD6A2015A4A60042F217 /* Base */ = {isa = PBXFileReference; lastKnownFileType = file.storyboard; name = Base; path = Base.lproj/Main.storyboard; sourceTree = "<group>"; };
		1206BD6C2015A4A60042F217 /* Assets.xcassets */ = {isa = PBXFileReference; lastKnownFileType = folder.assetcatalog; path = Assets.xcassets; sourceTree = "<group>"; };
		1206BD6F2015A4A60042F217 /* Base */ = {isa = PBXFileReference; lastKnownFileType = file.storyboard; name = Base; path = Base.lproj/LaunchScreen.storyboard; sourceTree = "<group>"; };
		1206BD712015A4A60042F217 /* Info.plist */ = {isa = PBXFileReference; lastKnownFileType = text.plist.xml; path = Info.plist; sourceTree = "<group>"; };
		1206BD762015A4A60042F217 /* HRTests.xctest */ = {isa = PBXFileReference; explicitFileType = wrapper.cfbundle; includeInIndex = 0; path = HRTests.xctest; sourceTree = BUILT_PRODUCTS_DIR; };
		1206BD7A2015A4A60042F217 /* HRTests.swift */ = {isa = PBXFileReference; lastKnownFileType = sourcecode.swift; path = HRTests.swift; sourceTree = "<group>"; };
		1206BD7C2015A4A60042F217 /* Info.plist */ = {isa = PBXFileReference; lastKnownFileType = text.plist.xml; path = Info.plist; sourceTree = "<group>"; };
		1206BD812015A4A60042F217 /* HRUITests.xctest */ = {isa = PBXFileReference; explicitFileType = wrapper.cfbundle; includeInIndex = 0; path = HRUITests.xctest; sourceTree = BUILT_PRODUCTS_DIR; };
		1206BD852015A4A60042F217 /* HRUITests.swift */ = {isa = PBXFileReference; lastKnownFileType = sourcecode.swift; path = HRUITests.swift; sourceTree = "<group>"; };
		1206BD872015A4A60042F217 /* Info.plist */ = {isa = PBXFileReference; lastKnownFileType = text.plist.xml; path = Info.plist; sourceTree = "<group>"; };
		1206BD932015A5E90042F217 /* LineUpTableViewController.swift */ = {isa = PBXFileReference; lastKnownFileType = sourcecode.swift; path = LineUpTableViewController.swift; sourceTree = "<group>"; };
		1206BD952015AA7A0042F217 /* HRModel.swift */ = {isa = PBXFileReference; lastKnownFileType = sourcecode.swift; path = HRModel.swift; sourceTree = "<group>"; };
		AEF2E11A2015D18600A9A5ED /* DetailViewController.swift */ = {isa = PBXFileReference; lastKnownFileType = sourcecode.swift; path = DetailViewController.swift; sourceTree = "<group>"; };
/* End PBXFileReference section */

/* Begin PBXFrameworksBuildPhase section */
		1206BD5F2015A4A60042F217 /* Frameworks */ = {
			isa = PBXFrameworksBuildPhase;
			buildActionMask = 2147483647;
			files = (
			);
			runOnlyForDeploymentPostprocessing = 0;
		};
		1206BD732015A4A60042F217 /* Frameworks */ = {
			isa = PBXFrameworksBuildPhase;
			buildActionMask = 2147483647;
			files = (
			);
			runOnlyForDeploymentPostprocessing = 0;
		};
		1206BD7E2015A4A60042F217 /* Frameworks */ = {
			isa = PBXFrameworksBuildPhase;
			buildActionMask = 2147483647;
			files = (
			);
			runOnlyForDeploymentPostprocessing = 0;
		};
/* End PBXFrameworksBuildPhase section */

/* Begin PBXGroup section */
		1206BD592015A4A60042F217 = {
			isa = PBXGroup;
			children = (
				1206BD642015A4A60042F217 /* HR */,
				1206BD792015A4A60042F217 /* HRTests */,
				1206BD842015A4A60042F217 /* HRUITests */,
				1206BD632015A4A60042F217 /* Products */,
			);
			sourceTree = "<group>";
		};
		1206BD632015A4A60042F217 /* Products */ = {
			isa = PBXGroup;
			children = (
				1206BD622015A4A60042F217 /* HR.app */,
				1206BD762015A4A60042F217 /* HRTests.xctest */,
				1206BD812015A4A60042F217 /* HRUITests.xctest */,
			);
			name = Products;
			sourceTree = "<group>";
		};
		1206BD642015A4A60042F217 /* HR */ = {
			isa = PBXGroup;
			children = (
				AEF2E11A2015D18600A9A5ED /* DetailViewController.swift */,
				1206BD952015AA7A0042F217 /* HRModel.swift */,
				1206BD932015A5E90042F217 /* LineUpTableViewController.swift */,
				1206BD652015A4A60042F217 /* AppDelegate.swift */,
				1206BD672015A4A60042F217 /* ViewController.swift */,
				1206BD692015A4A60042F217 /* Main.storyboard */,
				1206BD6C2015A4A60042F217 /* Assets.xcassets */,
				1206BD6E2015A4A60042F217 /* LaunchScreen.storyboard */,
				1206BD712015A4A60042F217 /* Info.plist */,
			);
			path = HR;
			sourceTree = "<group>";
		};
		1206BD792015A4A60042F217 /* HRTests */ = {
			isa = PBXGroup;
			children = (
				1206BD7A2015A4A60042F217 /* HRTests.swift */,
				1206BD7C2015A4A60042F217 /* Info.plist */,
			);
			path = HRTests;
			sourceTree = "<group>";
		};
		1206BD842015A4A60042F217 /* HRUITests */ = {
			isa = PBXGroup;
			children = (
				1206BD852015A4A60042F217 /* HRUITests.swift */,
				1206BD872015A4A60042F217 /* Info.plist */,
			);
			path = HRUITests;
			sourceTree = "<group>";
		};
/* End PBXGroup section */

/* Begin PBXNativeTarget section */
		1206BD612015A4A60042F217 /* HR */ = {
			isa = PBXNativeTarget;
			buildConfigurationList = 1206BD8A2015A4A60042F217 /* Build configuration list for PBXNativeTarget "HR" */;
			buildPhases = (
				1206BD5E2015A4A60042F217 /* Sources */,
				1206BD5F2015A4A60042F217 /* Frameworks */,
				1206BD602015A4A60042F217 /* Resources */,
			);
			buildRules = (
			);
			dependencies = (
			);
			name = HR;
			productName = HR;
			productReference = 1206BD622015A4A60042F217 /* HR.app */;
			productType = "com.apple.product-type.application";
		};
		1206BD752015A4A60042F217 /* HRTests */ = {
			isa = PBXNativeTarget;
			buildConfigurationList = 1206BD8D2015A4A60042F217 /* Build configuration list for PBXNativeTarget "HRTests" */;
			buildPhases = (
				1206BD722015A4A60042F217 /* Sources */,
				1206BD732015A4A60042F217 /* Frameworks */,
				1206BD742015A4A60042F217 /* Resources */,
			);
			buildRules = (
			);
			dependencies = (
				1206BD782015A4A60042F217 /* PBXTargetDependency */,
			);
			name = HRTests;
			productName = HRTests;
			productReference = 1206BD762015A4A60042F217 /* HRTests.xctest */;
			productType = "com.apple.product-type.bundle.unit-test";
		};
		1206BD802015A4A60042F217 /* HRUITests */ = {
			isa = PBXNativeTarget;
			buildConfigurationList = 1206BD902015A4A60042F217 /* Build configuration list for PBXNativeTarget "HRUITests" */;
			buildPhases = (
				1206BD7D2015A4A60042F217 /* Sources */,
				1206BD7E2015A4A60042F217 /* Frameworks */,
				1206BD7F2015A4A60042F217 /* Resources */,
			);
			buildRules = (
			);
			dependencies = (
				1206BD832015A4A60042F217 /* PBXTargetDependency */,
			);
			name = HRUITests;
			productName = HRUITests;
			productReference = 1206BD812015A4A60042F217 /* HRUITests.xctest */;
			productType = "com.apple.product-type.bundle.ui-testing";
		};
/* End PBXNativeTarget section */

/* Begin PBXProject section */
		1206BD5A2015A4A60042F217 /* Project object */ = {
			isa = PBXProject;
			attributes = {
				LastSwiftUpdateCheck = 0920;
				LastUpgradeCheck = 0920;
				ORGANIZATIONNAME = "권나현";
				TargetAttributes = {
					1206BD612015A4A60042F217 = {
						CreatedOnToolsVersion = 9.2;
						ProvisioningStyle = Automatic;
					};
					1206BD752015A4A60042F217 = {
						CreatedOnToolsVersion = 9.2;
						ProvisioningStyle = Automatic;
						TestTargetID = 1206BD612015A4A60042F217;
					};
					1206BD802015A4A60042F217 = {
						CreatedOnToolsVersion = 9.2;
						ProvisioningStyle = Automatic;
						TestTargetID = 1206BD612015A4A60042F217;
					};
				};
			};
			buildConfigurationList = 1206BD5D2015A4A60042F217 /* Build configuration list for PBXProject "HR" */;
			compatibilityVersion = "Xcode 8.0";
			developmentRegion = en;
			hasScannedForEncodings = 0;
			knownRegions = (
				en,
				Base,
			);
			mainGroup = 1206BD592015A4A60042F217;
			productRefGroup = 1206BD632015A4A60042F217 /* Products */;
			projectDirPath = "";
			projectRoot = "";
			targets = (
				1206BD612015A4A60042F217 /* HR */,
				1206BD752015A4A60042F217 /* HRTests */,
				1206BD802015A4A60042F217 /* HRUITests */,
			);
		};
/* End PBXProject section */

/* Begin PBXResourcesBuildPhase section */
		1206BD602015A4A60042F217 /* Resources */ = {
			isa = PBXResourcesBuildPhase;
			buildActionMask = 2147483647;
			files = (
				1206BD702015A4A60042F217 /* LaunchScreen.storyboard in Resources */,
				1206BD6D2015A4A60042F217 /* Assets.xcassets in Resources */,
				1206BD6B2015A4A60042F217 /* Main.storyboard in Resources */,
			);
			runOnlyForDeploymentPostprocessing = 0;
		};
		1206BD742015A4A60042F217 /* Resources */ = {
			isa = PBXResourcesBuildPhase;
			buildActionMask = 2147483647;
			files = (
			);
			runOnlyForDeploymentPostprocessing = 0;
		};
		1206BD7F2015A4A60042F217 /* Resources */ = {
			isa = PBXResourcesBuildPhase;
			buildActionMask = 2147483647;
			files = (
			);
			runOnlyForDeploymentPostprocessing = 0;
		};
/* End PBXResourcesBuildPhase section */

/* Begin PBXSourcesBuildPhase section */
		1206BD5E2015A4A60042F217 /* Sources */ = {
			isa = PBXSourcesBuildPhase;
			buildActionMask = 2147483647;
			files = (
				1206BD682015A4A60042F217 /* ViewController.swift in Sources */,
				1206BD942015A5E90042F217 /* LineUpTableViewController.swift in Sources */,
				AEF2E11B2015D18600A9A5ED /* DetailViewController.swift in Sources */,
				1206BD662015A4A60042F217 /* AppDelegate.swift in Sources */,
				1206BD962015AA7A0042F217 /* HRModel.swift in Sources */,
			);
			runOnlyForDeploymentPostprocessing = 0;
		};
		1206BD722015A4A60042F217 /* Sources */ = {
			isa = PBXSourcesBuildPhase;
			buildActionMask = 2147483647;
			files = (
				1206BD7B2015A4A60042F217 /* HRTests.swift in Sources */,
			);
			runOnlyForDeploymentPostprocessing = 0;
		};
		1206BD7D2015A4A60042F217 /* Sources */ = {
			isa = PBXSourcesBuildPhase;
			buildActionMask = 2147483647;
			files = (
				1206BD862015A4A60042F217 /* HRUITests.swift in Sources */,
			);
			runOnlyForDeploymentPostprocessing = 0;
		};
/* End PBXSourcesBuildPhase section */

/* Begin PBXTargetDependency section */
		1206BD782015A4A60042F217 /* PBXTargetDependency */ = {
			isa = PBXTargetDependency;
			target = 1206BD612015A4A60042F217 /* HR */;
			targetProxy = 1206BD772015A4A60042F217 /* PBXContainerItemProxy */;
		};
		1206BD832015A4A60042F217 /* PBXTargetDependency */ = {
			isa = PBXTargetDependency;
			target = 1206BD612015A4A60042F217 /* HR */;
			targetProxy = 1206BD822015A4A60042F217 /* PBXContainerItemProxy */;
		};
/* End PBXTargetDependency section */

/* Begin PBXVariantGroup section */
		1206BD692015A4A60042F217 /* Main.storyboard */ = {
			isa = PBXVariantGroup;
			children = (
				1206BD6A2015A4A60042F217 /* Base */,
			);
			name = Main.storyboard;
			sourceTree = "<group>";
		};
		1206BD6E2015A4A60042F217 /* LaunchScreen.storyboard */ = {
			isa = PBXVariantGroup;
			children = (
				1206BD6F2015A4A60042F217 /* Base */,
			);
			name = LaunchScreen.storyboard;
			sourceTree = "<group>";
		};
/* End PBXVariantGroup section */

/* Begin XCBuildConfiguration section */
		1206BD882015A4A60042F217 /* Debug */ = {
			isa = XCBuildConfiguration;
			buildSettings = {
				ALWAYS_SEARCH_USER_PATHS = NO;
				CLANG_ANALYZER_NONNULL = YES;
				CLANG_ANALYZER_NUMBER_OBJECT_CONVERSION = YES_AGGRESSIVE;
				CLANG_CXX_LANGUAGE_STANDARD = "gnu++14";
				CLANG_CXX_LIBRARY = "libc++";
				CLANG_ENABLE_MODULES = YES;
				CLANG_ENABLE_OBJC_ARC = YES;
				CLANG_WARN_BLOCK_CAPTURE_AUTORELEASING = YES;
				CLANG_WARN_BOOL_CONVERSION = YES;
				CLANG_WARN_COMMA = YES;
				CLANG_WARN_CONSTANT_CONVERSION = YES;
				CLANG_WARN_DIRECT_OBJC_ISA_USAGE = YES_ERROR;
				CLANG_WARN_DOCUMENTATION_COMMENTS = YES;
				CLANG_WARN_EMPTY_BODY = YES;
				CLANG_WARN_ENUM_CONVERSION = YES;
				CLANG_WARN_INFINITE_RECURSION = YES;
				CLANG_WARN_INT_CONVERSION = YES;
				CLANG_WARN_NON_LITERAL_NULL_CONVERSION = YES;
				CLANG_WARN_OBJC_LITERAL_CONVERSION = YES;
				CLANG_WARN_OBJC_ROOT_CLASS = YES_ERROR;
				CLANG_WARN_RANGE_LOOP_ANALYSIS = YES;
				CLANG_WARN_STRICT_PROTOTYPES = YES;
				CLANG_WARN_SUSPICIOUS_MOVE = YES;
				CLANG_WARN_UNGUARDED_AVAILABILITY = YES_AGGRESSIVE;
				CLANG_WARN_UNREACHABLE_CODE = YES;
				CLANG_WARN__DUPLICATE_METHOD_MATCH = YES;
				CODE_SIGN_IDENTITY = "iPhone Developer";
				COPY_PHASE_STRIP = NO;
				DEBUG_INFORMATION_FORMAT = dwarf;
				ENABLE_STRICT_OBJC_MSGSEND = YES;
				ENABLE_TESTABILITY = YES;
				GCC_C_LANGUAGE_STANDARD = gnu11;
				GCC_DYNAMIC_NO_PIC = NO;
				GCC_NO_COMMON_BLOCKS = YES;
				GCC_OPTIMIZATION_LEVEL = 0;
				GCC_PREPROCESSOR_DEFINITIONS = (
					"DEBUG=1",
					"$(inherited)",
				);
				GCC_WARN_64_TO_32_BIT_CONVERSION = YES;
				GCC_WARN_ABOUT_RETURN_TYPE = YES_ERROR;
				GCC_WARN_UNDECLARED_SELECTOR = YES;
				GCC_WARN_UNINITIALIZED_AUTOS = YES_AGGRESSIVE;
				GCC_WARN_UNUSED_FUNCTION = YES;
				GCC_WARN_UNUSED_VARIABLE = YES;
				IPHONEOS_DEPLOYMENT_TARGET = 11.2;
				MTL_ENABLE_DEBUG_INFO = YES;
				ONLY_ACTIVE_ARCH = YES;
				SDKROOT = iphoneos;
				SWIFT_ACTIVE_COMPILATION_CONDITIONS = DEBUG;
				SWIFT_OPTIMIZATION_LEVEL = "-Onone";
			};
			name = Debug;
		};
		1206BD892015A4A60042F217 /* Release */ = {
			isa = XCBuildConfiguration;
			buildSettings = {
				ALWAYS_SEARCH_USER_PATHS = NO;
				CLANG_ANALYZER_NONNULL = YES;
				CLANG_ANALYZER_NUMBER_OBJECT_CONVERSION = YES_AGGRESSIVE;
				CLANG_CXX_LANGUAGE_STANDARD = "gnu++14";
				CLANG_CXX_LIBRARY = "libc++";
				CLANG_ENABLE_MODULES = YES;
				CLANG_ENABLE_OBJC_ARC = YES;
				CLANG_WARN_BLOCK_CAPTURE_AUTORELEASING = YES;
				CLANG_WARN_BOOL_CONVERSION = YES;
				CLANG_WARN_COMMA = YES;
				CLANG_WARN_CONSTANT_CONVERSION = YES;
				CLANG_WARN_DIRECT_OBJC_ISA_USAGE = YES_ERROR;
				CLANG_WARN_DOCUMENTATION_COMMENTS = YES;
				CLANG_WARN_EMPTY_BODY = YES;
				CLANG_WARN_ENUM_CONVERSION = YES;
				CLANG_WARN_INFINITE_RECURSION = YES;
				CLANG_WARN_INT_CONVERSION = YES;
				CLANG_WARN_NON_LITERAL_NULL_CONVERSION = YES;
				CLANG_WARN_OBJC_LITERAL_CONVERSION = YES;
				CLANG_WARN_OBJC_ROOT_CLASS = YES_ERROR;
				CLANG_WARN_RANGE_LOOP_ANALYSIS = YES;
				CLANG_WARN_STRICT_PROTOTYPES = YES;
				CLANG_WARN_SUSPICIOUS_MOVE = YES;
				CLANG_WARN_UNGUARDED_AVAILABILITY = YES_AGGRESSIVE;
				CLANG_WARN_UNREACHABLE_CODE = YES;
				CLANG_WARN__DUPLICATE_METHOD_MATCH = YES;
				CODE_SIGN_IDENTITY = "iPhone Developer";
				COPY_PHASE_STRIP = NO;
				DEBUG_INFORMATION_FORMAT = "dwarf-with-dsym";
				ENABLE_NS_ASSERTIONS = NO;
				ENABLE_STRICT_OBJC_MSGSEND = YES;
				GCC_C_LANGUAGE_STANDARD = gnu11;
				GCC_NO_COMMON_BLOCKS = YES;
				GCC_WARN_64_TO_32_BIT_CONVERSION = YES;
				GCC_WARN_ABOUT_RETURN_TYPE = YES_ERROR;
				GCC_WARN_UNDECLARED_SELECTOR = YES;
				GCC_WARN_UNINITIALIZED_AUTOS = YES_AGGRESSIVE;
				GCC_WARN_UNUSED_FUNCTION = YES;
				GCC_WARN_UNUSED_VARIABLE = YES;
				IPHONEOS_DEPLOYMENT_TARGET = 11.2;
				MTL_ENABLE_DEBUG_INFO = NO;
				SDKROOT = iphoneos;
				SWIFT_OPTIMIZATION_LEVEL = "-Owholemodule";
				VALIDATE_PRODUCT = YES;
			};
			name = Release;
		};
		1206BD8B2015A4A60042F217 /* Debug */ = {
			isa = XCBuildConfiguration;
			buildSettings = {
				ASSETCATALOG_COMPILER_APPICON_NAME = AppIcon;
				CODE_SIGN_STYLE = Automatic;
				INFOPLIST_FILE = HR/Info.plist;
				LD_RUNPATH_SEARCH_PATHS = "$(inherited) @executable_path/Frameworks";
				PRODUCT_BUNDLE_IDENTIFIER = KwonNa.HR;
				PRODUCT_NAME = "$(TARGET_NAME)";
				SWIFT_VERSION = 4.0;
				TARGETED_DEVICE_FAMILY = "1,2";
			};
			name = Debug;
		};
		1206BD8C2015A4A60042F217 /* Release */ = {
			isa = XCBuildConfiguration;
			buildSettings = {
				ASSETCATALOG_COMPILER_APPICON_NAME = AppIcon;
				CODE_SIGN_STYLE = Automatic;
				INFOPLIST_FILE = HR/Info.plist;
				LD_RUNPATH_SEARCH_PATHS = "$(inherited) @executable_path/Frameworks";
				PRODUCT_BUNDLE_IDENTIFIER = KwonNa.HR;
				PRODUCT_NAME = "$(TARGET_NAME)";
				SWIFT_VERSION = 4.0;
				TARGETED_DEVICE_FAMILY = "1,2";
			};
			name = Release;
		};
		1206BD8E2015A4A60042F217 /* Debug */ = {
			isa = XCBuildConfiguration;
			buildSettings = {
				ALWAYS_EMBED_SWIFT_STANDARD_LIBRARIES = YES;
				BUNDLE_LOADER = "$(TEST_HOST)";
				CODE_SIGN_STYLE = Automatic;
				INFOPLIST_FILE = HRTests/Info.plist;
				LD_RUNPATH_SEARCH_PATHS = "$(inherited) @executable_path/Frameworks @loader_path/Frameworks";
				PRODUCT_BUNDLE_IDENTIFIER = KwonNa.HRTests;
				PRODUCT_NAME = "$(TARGET_NAME)";
				SWIFT_VERSION = 4.0;
				TARGETED_DEVICE_FAMILY = "1,2";
				TEST_HOST = "$(BUILT_PRODUCTS_DIR)/HR.app/HR";
			};
			name = Debug;
		};
		1206BD8F2015A4A60042F217 /* Release */ = {
			isa = XCBuildConfiguration;
			buildSettings = {
				ALWAYS_EMBED_SWIFT_STANDARD_LIBRARIES = YES;
				BUNDLE_LOADER = "$(TEST_HOST)";
				CODE_SIGN_STYLE = Automatic;
				INFOPLIST_FILE = HRTests/Info.plist;
				LD_RUNPATH_SEARCH_PATHS = "$(inherited) @executable_path/Frameworks @loader_path/Frameworks";
				PRODUCT_BUNDLE_IDENTIFIER = KwonNa.HRTests;
				PRODUCT_NAME = "$(TARGET_NAME)";
				SWIFT_VERSION = 4.0;
				TARGETED_DEVICE_FAMILY = "1,2";
				TEST_HOST = "$(BUILT_PRODUCTS_DIR)/HR.app/HR";
			};
			name = Release;
		};
		1206BD912015A4A60042F217 /* Debug */ = {
			isa = XCBuildConfiguration;
			buildSettings = {
				ALWAYS_EMBED_SWIFT_STANDARD_LIBRARIES = YES;
				CODE_SIGN_STYLE = Automatic;
				INFOPLIST_FILE = HRUITests/Info.plist;
				LD_RUNPATH_SEARCH_PATHS = "$(inherited) @executable_path/Frameworks @loader_path/Frameworks";
				PRODUCT_BUNDLE_IDENTIFIER = KwonNa.HRUITests;
				PRODUCT_NAME = "$(TARGET_NAME)";
				SWIFT_VERSION = 4.0;
				TARGETED_DEVICE_FAMILY = "1,2";
				TEST_TARGET_NAME = HR;
			};
			name = Debug;
		};
		1206BD922015A4A60042F217 /* Release */ = {
			isa = XCBuildConfiguration;
			buildSettings = {
				ALWAYS_EMBED_SWIFT_STANDARD_LIBRARIES = YES;
				CODE_SIGN_STYLE = Automatic;
				INFOPLIST_FILE = HRUITests/Info.plist;
				LD_RUNPATH_SEARCH_PATHS = "$(inherited) @executable_path/Frameworks @loader_path/Frameworks";
				PRODUCT_BUNDLE_IDENTIFIER = KwonNa.HRUITests;
				PRODUCT_NAME = "$(TARGET_NAME)";
				SWIFT_VERSION = 4.0;
				TARGETED_DEVICE_FAMILY = "1,2";
				TEST_TARGET_NAME = HR;
			};
			name = Release;
		};
/* End XCBuildConfiguration section */

/* Begin XCConfigurationList section */
		1206BD5D2015A4A60042F217 /* Build configuration list for PBXProject "HR" */ = {
			isa = XCConfigurationList;
			buildConfigurations = (
				1206BD882015A4A60042F217 /* Debug */,
				1206BD892015A4A60042F217 /* Release */,
			);
			defaultConfigurationIsVisible = 0;
			defaultConfigurationName = Release;
		};
		1206BD8A2015A4A60042F217 /* Build configuration list for PBXNativeTarget "HR" */ = {
			isa = XCConfigurationList;
			buildConfigurations = (
				1206BD8B2015A4A60042F217 /* Debug */,
				1206BD8C2015A4A60042F217 /* Release */,
			);
			defaultConfigurationIsVisible = 0;
			defaultConfigurationName = Release;
		};
		1206BD8D2015A4A60042F217 /* Build configuration list for PBXNativeTarget "HRTests" */ = {
			isa = XCConfigurationList;
			buildConfigurations = (
				1206BD8E2015A4A60042F217 /* Debug */,
				1206BD8F2015A4A60042F217 /* Release */,
			);
			defaultConfigurationIsVisible = 0;
			defaultConfigurationName = Release;
		};
		1206BD902015A4A60042F217 /* Build configuration list for PBXNativeTarget "HRUITests" */ = {
			isa = XCConfigurationList;
			buildConfigurations = (
				1206BD912015A4A60042F217 /* Debug */,
				1206BD922015A4A60042F217 /* Release */,
			);
			defaultConfigurationIsVisible = 0;
			defaultConfigurationName = Release;
		};
/* End XCConfigurationList section */
	};
	rootObject = 1206BD5A2015A4A60042F217 /* Project object */;
}
